
Microsoft Visual Studio Solution File, Format Version 12.00
# Visual Studio Version 17
VisualStudioVersion = 17.1.32228.430
MinimumVisualStudioVersion = 10.0.40219.1
Project("{2150E333-8FDC-42A3-9474-1A3956D46DE8}") = "Docs", "Docs", "{CCAA4DAC-30A9-498D-ABEC-4019335F0075}"
	ProjectSection(SolutionItems) = preProject
		FxData.sln.headertext = FxData.sln.headertext
		LICENSE.md = LICENSE.md
		README.md = README.md
	EndProjectSection
EndProject
Project("{2150E333-8FDC-42A3-9474-1A3956D46DE8}") = "Code", "Code", "{32346AB6-F461-489A-8B6F-38B6EDDEE581}"
EndProject
Project("{9A19103F-16F7-4668-BE54-9A1E7A4F7556}") = "FxData", "FxData\FxData.csproj", "{DF97474B-CD3B-45C0-882F-7606974AE2DD}"
EndProject
Project("{9A19103F-16F7-4668-BE54-9A1E7A4F7556}") = "DukasFetch", "DukasFetch\DukasFetch.csproj", "{A526C004-AB0D-4652-BBA9-1F0D86F4B2A0}"
EndProject
Project("{2150E333-8FDC-42A3-9474-1A3956D46DE8}") = "GitHub", "GitHub", "{92B769FA-974E-4E57-8900-F584FE7C4D2B}"
	ProjectSection(SolutionItems) = preProject
		.github\workflows\nuget.yml = .github\workflows\nuget.yml
	EndProjectSection
EndProject
Project("{FAE04EC0-301F-11D3-BF4B-00C04F79EFBC}") = "UnitTests", "UnitTests\UnitTests.csproj", "{2113E3E1-B8ED-4EB5-941F-54226043A37D}"
EndProject
Global
	GlobalSection(SolutionConfigurationPlatforms) = preSolution
		Debug|Any CPU = Debug|Any CPU
		Release|Any CPU = Release|Any CPU
	EndGlobalSection
	GlobalSection(ProjectConfigurationPlatforms) = postSolution
		{DF97474B-CD3B-45C0-882F-7606974AE2DD}.Debug|Any CPU.ActiveCfg = Debug|Any CPU
		{DF97474B-CD3B-45C0-882F-7606974AE2DD}.Debug|Any CPU.Build.0 = Debug|Any CPU
		{DF97474B-CD3B-45C0-882F-7606974AE2DD}.Release|Any CPU.ActiveCfg = Release|Any CPU
		{DF97474B-CD3B-45C0-882F-7606974AE2DD}.Release|Any CPU.Build.0 = Release|Any CPU
		{A526C004-AB0D-4652-BBA9-1F0D86F4B2A0}.Debug|Any CPU.ActiveCfg = Debug|Any CPU
		{A526C004-AB0D-4652-BBA9-1F0D86F4B2A0}.Debug|Any CPU.Build.0 = Debug|Any CPU
		{A526C004-AB0D-4652-BBA9-1F0D86F4B2A0}.Release|Any CPU.ActiveCfg = Release|Any CPU
		{A526C004-AB0D-4652-BBA9-1F0D86F4B2A0}.Release|Any CPU.Build.0 = Release|Any CPU
		{2113E3E1-B8ED-4EB5-941F-54226043A37D}.Debug|Any CPU.ActiveCfg = Debug|Any CPU
		{2113E3E1-B8ED-4EB5-941F-54226043A37D}.Debug|Any CPU.Build.0 = Debug|Any CPU
		{2113E3E1-B8ED-4EB5-941F-54226043A37D}.Release|Any CPU.ActiveCfg = Release|Any CPU
		{2113E3E1-B8ED-4EB5-941F-54226043A37D}.Release|Any CPU.Build.0 = Release|Any CPU
	EndGlobalSection
	GlobalSection(SolutionProperties) = preSolution
		HideSolutionNode = FALSE
	EndGlobalSection
	GlobalSection(NestedProjects) = preSolution
		{DF97474B-CD3B-45C0-882F-7606974AE2DD} = {32346AB6-F461-489A-8B6F-38B6EDDEE581}
		{A526C004-AB0D-4652-BBA9-1F0D86F4B2A0} = {32346AB6-F461-489A-8B6F-38B6EDDEE581}
		{2113E3E1-B8ED-4EB5-941F-54226043A37D} = {32346AB6-F461-489A-8B6F-38B6EDDEE581}
	EndGlobalSection
	GlobalSection(ExtensibilityGlobals) = postSolution
		SolutionGuid = {E3CDAA0C-8D77-4EA0-952B-577EA6B3D232}
	EndGlobalSection
EndGlobal
